
Microsoft Visual Studio Solution File, Format Version 12.00
# Visual Studio Version 16
VisualStudioVersion = 16.0.30503.244
MinimumVisualStudioVersion = 10.0.40219.1
Project("{FAE04EC0-301F-11D3-BF4B-00C04F79EFBC}") = "Численные методы задание 3 - метод прогонки", "Численные методы задание 3 - метод прогонки\Численные методы задание 3 - метод прогонки.csproj", "{6E106EF2-1C3A-4923-9DE2-2A4E063C2677}"
EndProject
Global
	GlobalSection(SolutionConfigurationPlatforms) = preSolution
		Debug|Any CPU = Debug|Any CPU
		Release|Any CPU = Release|Any CPU
	EndGlobalSection
	GlobalSection(ProjectConfigurationPlatforms) = postSolution
		{6E106EF2-1C3A-4923-9DE2-2A4E063C2677}.Debug|Any CPU.ActiveCfg = Debug|Any CPU
		{6E106EF2-1C3A-4923-9DE2-2A4E063C2677}.Debug|Any CPU.Build.0 = Debug|Any CPU
		{6E106EF2-1C3A-4923-9DE2-2A4E063C2677}.Release|Any CPU.ActiveCfg = Release|Any CPU
		{6E106EF2-1C3A-4923-9DE2-2A4E063C2677}.Release|Any CPU.Build.0 = Release|Any CPU
	EndGlobalSection
	GlobalSection(SolutionProperties) = preSolution
		HideSolutionNode = FALSE
	EndGlobalSection
	GlobalSection(ExtensibilityGlobals) = postSolution
		SolutionGuid = {6FF1683E-E58B-4028-9ECA-4526E28CFCF5}
	EndGlobalSection
EndGlobal
